// !$*UTF8*$!
{
	archiveVersion = 1;
	classes = {
	};
	objectVersion = 50;
	objects = {

/* Begin PBXBuildFile section */
		C93DC8552124D90F0030839D /* Makefile in Sources */ = {isa = PBXBuildFile; fileRef = C93DC8512124D90E0030839D /* Makefile */; };
		C9B29BB62124D951009CF170 /* loops.cpp in Sources */ = {isa = PBXBuildFile; fileRef = C9B29BB52124D951009CF170 /* loops.cpp */; };
		C9B29BB92124D96D009CF170 /* main.cpp in Sources */ = {isa = PBXBuildFile; fileRef = C9B29BB82124D96D009CF170 /* main.cpp */; };
		C9B29BBA2124D97C009CF170 /* tests.cpp in Sources */ = {isa = PBXBuildFile; fileRef = C93DC85B2124D9310030839D /* tests.cpp */; };
		C9B29BBB2124D97E009CF170 /* rejectorio.cpp in Sources */ = {isa = PBXBuildFile; fileRef = C93DC85A2124D9310030839D /* rejectorio.cpp */; };
		C9B29BBC2124D980009CF170 /* rdeme.cpp in Sources */ = {isa = PBXBuildFile; fileRef = C93DC8572124D9300030839D /* rdeme.cpp */; };
		C9B29BBD2124D983009CF170 /* public.cpp in Sources */ = {isa = PBXBuildFile; fileRef = C93DC85D2124D9310030839D /* public.cpp */; };
		C9B29BBE2124D987009CF170 /* main.cpp in Sources */ = {isa = PBXBuildFile; fileRef = C93DC8562124D9300030839D /* main.cpp */; };
		C9B29BBF2124D98C009CF170 /* CmdLine.cpp in Sources */ = {isa = PBXBuildFile; fileRef = C93DC8582124D9300030839D /* CmdLine.cpp */; };
		C9B29BC02124D98D009CF170 /* CmdLine.cpp in Sources */ = {isa = PBXBuildFile; fileRef = C93DC8582124D9300030839D /* CmdLine.cpp */; };
/* End PBXBuildFile section */

/* Begin PBXCopyFilesBuildPhase section */
		C9CF23252124D81700E3FE55 /* CopyFiles */ = {
			isa = PBXCopyFilesBuildPhase;
			buildActionMask = 2147483647;
			dstPath = /usr/share/man/man1/;
			dstSubfolderSpec = 0;
			files = (
			);
			runOnlyForDeploymentPostprocessing = 1;
		};
		C9CF23332124D82F00E3FE55 /* CopyFiles */ = {
			isa = PBXCopyFilesBuildPhase;
			buildActionMask = 2147483647;
			dstPath = /usr/share/man/man1/;
			dstSubfolderSpec = 0;
			files = (
			);
			runOnlyForDeploymentPostprocessing = 1;
		};
/* End PBXCopyFilesBuildPhase section */

/* Begin PBXFileReference section */
		C93DC8512124D90E0030839D /* Makefile */ = {isa = PBXFileReference; fileEncoding = 4; lastKnownFileType = sourcecode.make; path = Makefile; sourceTree = "<group>"; };
		C93DC8522124D90E0030839D /* rejectoruserguide.pdf */ = {isa = PBXFileReference; lastKnownFileType = image.pdf; path = rejectoruserguide.pdf; sourceTree = "<group>"; };
		C93DC8532124D90E0030839D /* rejector2notes.pdf */ = {isa = PBXFileReference; lastKnownFileType = image.pdf; path = rejector2notes.pdf; sourceTree = "<group>"; };
		C93DC8562124D9300030839D /* main.cpp */ = {isa = PBXFileReference; lastKnownFileType = sourcecode.cpp.cpp; path = main.cpp; sourceTree = "<group>"; };
		C93DC8572124D9300030839D /* rdeme.cpp */ = {isa = PBXFileReference; lastKnownFileType = sourcecode.cpp.cpp; path = rdeme.cpp; sourceTree = "<group>"; };
		C93DC8582124D9300030839D /* CmdLine.cpp */ = {isa = PBXFileReference; lastKnownFileType = sourcecode.cpp.cpp; path = CmdLine.cpp; sourceTree = "<group>"; };
		C93DC8592124D9300030839D /* MersenneTwister.h */ = {isa = PBXFileReference; lastKnownFileType = sourcecode.c.h; path = MersenneTwister.h; sourceTree = "<group>"; };
		C93DC85A2124D9310030839D /* rejectorio.cpp */ = {isa = PBXFileReference; lastKnownFileType = sourcecode.cpp.cpp; path = rejectorio.cpp; sourceTree = "<group>"; };
		C93DC85B2124D9310030839D /* tests.cpp */ = {isa = PBXFileReference; lastKnownFileType = sourcecode.cpp.cpp; path = tests.cpp; sourceTree = "<group>"; };
		C93DC85C2124D9310030839D /* CmdLine.h */ = {isa = PBXFileReference; lastKnownFileType = sourcecode.c.h; path = CmdLine.h; sourceTree = "<group>"; };
		C93DC85D2124D9310030839D /* public.cpp */ = {isa = PBXFileReference; lastKnownFileType = sourcecode.cpp.cpp; path = public.cpp; sourceTree = "<group>"; };
		C93DC85E2124D9310030839D /* rdeme.h */ = {isa = PBXFileReference; lastKnownFileType = sourcecode.c.h; path = rdeme.h; sourceTree = "<group>"; };
		C93DC85F2124D9310030839D /* public.h */ = {isa = PBXFileReference; lastKnownFileType = sourcecode.c.h; path = public.h; sourceTree = "<group>"; };
		C93DC8602124D9310030839D /* rejector.h */ = {isa = PBXFileReference; lastKnownFileType = sourcecode.c.h; path = rejector.h; sourceTree = "<group>"; };
		C93DC8612124D9310030839D /* arrays.h */ = {isa = PBXFileReference; lastKnownFileType = sourcecode.c.h; path = arrays.h; sourceTree = "<group>"; };
		C9B29BB52124D951009CF170 /* loops.cpp */ = {isa = PBXFileReference; fileEncoding = 4; lastKnownFileType = sourcecode.cpp.cpp; path = loops.cpp; sourceTree = "<group>"; };
		C9B29BB72124D96D009CF170 /* rej2run.h */ = {isa = PBXFileReference; fileEncoding = 4; lastKnownFileType = sourcecode.c.h; path = rej2run.h; sourceTree = "<group>"; };
		C9B29BB82124D96D009CF170 /* main.cpp */ = {isa = PBXFileReference; fileEncoding = 4; lastKnownFileType = sourcecode.cpp.cpp; path = main.cpp; sourceTree = "<group>"; };
		C9B2A76C2124DD5F001788E0 /* cstring.h */ = {isa = PBXFileReference; fileEncoding = 4; lastKnownFileType = sourcecode.c.h; path = cstring.h; sourceTree = "<group>"; };
		C9CF23272124D81700E3FE55 /* rejector2 */ = {isa = PBXFileReference; explicitFileType = "compiled.mach-o.executable"; includeInIndex = 0; path = rejector2; sourceTree = BUILT_PRODUCTS_DIR; };
		C9CF23352124D82F00E3FE55 /* rej2run */ = {isa = PBXFileReference; explicitFileType = "compiled.mach-o.executable"; includeInIndex = 0; path = rej2run; sourceTree = BUILT_PRODUCTS_DIR; };
		C9D019A02124D8C300B94114 /* rej2example.txt */ = {isa = PBXFileReference; lastKnownFileType = text; path = rej2example.txt; sourceTree = "<group>"; };
		C9D019A12124D8C300B94114 /* rej2exampledna.txt */ = {isa = PBXFileReference; lastKnownFileType = text; path = rej2exampledna.txt; sourceTree = "<group>"; };
		C9D019A22124D8C300B94114 /* rej2recomb.txt */ = {isa = PBXFileReference; lastKnownFileType = text; path = rej2recomb.txt; sourceTree = "<group>"; };
		C9D019A32124D8C300B94114 /* rej2snps.txt */ = {isa = PBXFileReference; lastKnownFileType = text; path = rej2snps.txt; sourceTree = "<group>"; };
		C9D019A42124D8C400B94114 /* liex.txt */ = {isa = PBXFileReference; lastKnownFileType = text; path = liex.txt; sourceTree = "<group>"; };
		C9D019A52124D8C400B94114 /* allbutldp.txt */ = {isa = PBXFileReference; lastKnownFileType = text; path = allbutldp.txt; sourceTree = "<group>"; };
		C9D019A62124D8D700B94114 /* rejector.r */ = {isa = PBXFileReference; lastKnownFileType = sourcecode.rez; path = rejector.r; sourceTree = "<group>"; };
		C9D019A72124D8D700B94114 /* gluedat.pl */ = {isa = PBXFileReference; lastKnownFileType = text.script.perl; path = gluedat.pl; sourceTree = "<group>"; };
		C9D019A82124D8D700B94114 /* truedat.pl */ = {isa = PBXFileReference; lastKnownFileType = text.script.perl; path = truedat.pl; sourceTree = "<group>"; };
		C9D019A92124D8D700B94114 /* makerej2in.pl */ = {isa = PBXFileReference; lastKnownFileType = text.script.perl; path = makerej2in.pl; sourceTree = "<group>"; };
/* End PBXFileReference section */

/* Begin PBXFrameworksBuildPhase section */
		C9CF23242124D81700E3FE55 /* Frameworks */ = {
			isa = PBXFrameworksBuildPhase;
			buildActionMask = 2147483647;
			files = (
			);
			runOnlyForDeploymentPostprocessing = 0;
		};
		C9CF23322124D82F00E3FE55 /* Frameworks */ = {
			isa = PBXFrameworksBuildPhase;
			buildActionMask = 2147483647;
			files = (
			);
			runOnlyForDeploymentPostprocessing = 0;
		};
/* End PBXFrameworksBuildPhase section */

/* Begin PBXGroup section */
		C93DBB472124D849002FCAA3 /* examples */ = {
			isa = PBXGroup;
			children = (
				C9D019A52124D8C400B94114 /* allbutldp.txt */,
				C9D019A42124D8C400B94114 /* liex.txt */,
				C9D019A02124D8C300B94114 /* rej2example.txt */,
				C9D019A12124D8C300B94114 /* rej2exampledna.txt */,
				C9D019A22124D8C300B94114 /* rej2recomb.txt */,
				C9D019A32124D8C300B94114 /* rej2snps.txt */,
			);
			path = examples;
			sourceTree = "<group>";
		};
		C93DBB482124D851002FCAA3 /* scripts */ = {
			isa = PBXGroup;
			children = (
				C9D019A72124D8D700B94114 /* gluedat.pl */,
				C9D019A92124D8D700B94114 /* makerej2in.pl */,
				C9D019A62124D8D700B94114 /* rejector.r */,
				C9D019A82124D8D700B94114 /* truedat.pl */,
			);
			path = scripts;
			sourceTree = "<group>";
		};
		C93DBB492124D857002FCAA3 /* src */ = {
			isa = PBXGroup;
			children = (
				C93DBB4B2124D893002FCAA3 /* rejector2 */,
				C93DBB4A2124D883002FCAA3 /* rej2run */,
			);
			path = src;
			sourceTree = "<group>";
		};
		C93DBB4A2124D883002FCAA3 /* rej2run */ = {
			isa = PBXGroup;
			children = (
				C9B29BB82124D96D009CF170 /* main.cpp */,
				C9B29BB72124D96D009CF170 /* rej2run.h */,
			);
			path = rej2run;
			sourceTree = "<group>";
		};
		C93DBB4B2124D893002FCAA3 /* rejector2 */ = {
			isa = PBXGroup;
			children = (
				C9B2A76C2124DD5F001788E0 /* cstring.h */,
				C93DC8612124D9310030839D /* arrays.h */,
				C93DC8582124D9300030839D /* CmdLine.cpp */,
				C93DC85C2124D9310030839D /* CmdLine.h */,
				C9B29BB52124D951009CF170 /* loops.cpp */,
				C93DC8562124D9300030839D /* main.cpp */,
				C93DC8592124D9300030839D /* MersenneTwister.h */,
				C93DC85D2124D9310030839D /* public.cpp */,
				C93DC85F2124D9310030839D /* public.h */,
				C93DC8572124D9300030839D /* rdeme.cpp */,
				C93DC85E2124D9310030839D /* rdeme.h */,
				C93DC8602124D9310030839D /* rejector.h */,
				C93DC85A2124D9310030839D /* rejectorio.cpp */,
				C93DC85B2124D9310030839D /* tests.cpp */,
			);
			path = rejector2;
			sourceTree = "<group>";
		};
		C9CF231E2124D81700E3FE55 = {
			isa = PBXGroup;
			children = (
				C93DC8512124D90E0030839D /* Makefile */,
				C93DC8532124D90E0030839D /* rejector2notes.pdf */,
				C93DC8522124D90E0030839D /* rejectoruserguide.pdf */,
				C93DBB472124D849002FCAA3 /* examples */,
				C93DBB482124D851002FCAA3 /* scripts */,
				C93DBB492124D857002FCAA3 /* src */,
				C9CF23282124D81700E3FE55 /* Products */,
			);
			sourceTree = "<group>";
		};
		C9CF23282124D81700E3FE55 /* Products */ = {
			isa = PBXGroup;
			children = (
				C9CF23272124D81700E3FE55 /* rejector2 */,
				C9CF23352124D82F00E3FE55 /* rej2run */,
			);
			name = Products;
			sourceTree = "<group>";
		};
/* End PBXGroup section */

/* Begin PBXNativeTarget section */
		C9CF23262124D81700E3FE55 /* rejector2 */ = {
			isa = PBXNativeTarget;
			buildConfigurationList = C9CF232E2124D81700E3FE55 /* Build configuration list for PBXNativeTarget "rejector2" */;
			buildPhases = (
				C9CF23232124D81700E3FE55 /* Sources */,
				C9CF23242124D81700E3FE55 /* Frameworks */,
				C9CF23252124D81700E3FE55 /* CopyFiles */,
			);
			buildRules = (
			);
			dependencies = (
			);
			name = rejector2;
			productName = rejector2;
			productReference = C9CF23272124D81700E3FE55 /* rejector2 */;
			productType = "com.apple.product-type.tool";
		};
		C9CF23342124D82F00E3FE55 /* rej2run */ = {
			isa = PBXNativeTarget;
			buildConfigurationList = C9CF23392124D82F00E3FE55 /* Build configuration list for PBXNativeTarget "rej2run" */;
			buildPhases = (
				C9CF23312124D82F00E3FE55 /* Sources */,
				C9CF23322124D82F00E3FE55 /* Frameworks */,
				C9CF23332124D82F00E3FE55 /* CopyFiles */,
			);
			buildRules = (
			);
			dependencies = (
			);
			name = rej2run;
			productName = rej2run;
			productReference = C9CF23352124D82F00E3FE55 /* rej2run */;
			productType = "com.apple.product-type.tool";
		};
/* End PBXNativeTarget section */

/* Begin PBXProject section */
		C9CF231F2124D81700E3FE55 /* Project object */ = {
			isa = PBXProject;
			attributes = {
				LastUpgradeCheck = 1000;
				ORGANIZATIONNAME = matt;
				TargetAttributes = {
					C9CF23262124D81700E3FE55 = {
						CreatedOnToolsVersion = 10.0;
					};
					C9CF23342124D82F00E3FE55 = {
						CreatedOnToolsVersion = 10.0;
					};
				};
			};
			buildConfigurationList = C9CF23222124D81700E3FE55 /* Build configuration list for PBXProject "rejector2" */;
			compatibilityVersion = "Xcode 9.3";
			developmentRegion = en;
			hasScannedForEncodings = 0;
			knownRegions = (
				en,
			);
			mainGroup = C9CF231E2124D81700E3FE55;
			productRefGroup = C9CF23282124D81700E3FE55 /* Products */;
			projectDirPath = "";
			projectRoot = "";
			targets = (
				C9CF23262124D81700E3FE55 /* rejector2 */,
				C9CF23342124D82F00E3FE55 /* rej2run */,
			);
		};
/* End PBXProject section */

/* Begin PBXSourcesBuildPhase section */
		C9CF23232124D81700E3FE55 /* Sources */ = {
			isa = PBXSourcesBuildPhase;
			buildActionMask = 2147483647;
			files = (
				C9B29BBF2124D98C009CF170 /* CmdLine.cpp in Sources */,
				C9B29BBD2124D983009CF170 /* public.cpp in Sources */,
				C9B29BBB2124D97E009CF170 /* rejectorio.cpp in Sources */,
				C9B29BB62124D951009CF170 /* loops.cpp in Sources */,
				C9B29BBE2124D987009CF170 /* main.cpp in Sources */,
				C9B29BBA2124D97C009CF170 /* tests.cpp in Sources */,
				C9B29BBC2124D980009CF170 /* rdeme.cpp in Sources */,
			);
			runOnlyForDeploymentPostprocessing = 0;
		};
		C9CF23312124D82F00E3FE55 /* Sources */ = {
			isa = PBXSourcesBuildPhase;
			buildActionMask = 2147483647;
			files = (
				C9B29BC02124D98D009CF170 /* CmdLine.cpp in Sources */,
				C9B29BB92124D96D009CF170 /* main.cpp in Sources */,
				C93DC8552124D90F0030839D /* Makefile in Sources */,
			);
			runOnlyForDeploymentPostprocessing = 0;
		};
/* End PBXSourcesBuildPhase section */

/* Begin XCBuildConfiguration section */
		C9CF232C2124D81700E3FE55 /* Debug */ = {
			isa = XCBuildConfiguration;
			buildSettings = {
				ALWAYS_SEARCH_USER_PATHS = NO;
				CLANG_ANALYZER_NONNULL = YES;
				CLANG_ANALYZER_NUMBER_OBJECT_CONVERSION = YES_AGGRESSIVE;
				CLANG_CXX_LANGUAGE_STANDARD = "gnu++14";
				CLANG_CXX_LIBRARY = "libc++";
				CLANG_ENABLE_MODULES = YES;
				CLANG_ENABLE_OBJC_ARC = YES;
				CLANG_ENABLE_OBJC_WEAK = YES;
				CLANG_WARN_BLOCK_CAPTURE_AUTORELEASING = YES;
				CLANG_WARN_BOOL_CONVERSION = YES;
				CLANG_WARN_COMMA = YES;
				CLANG_WARN_CONSTANT_CONVERSION = YES;
				CLANG_WARN_DEPRECATED_OBJC_IMPLEMENTATIONS = YES;
				CLANG_WARN_DIRECT_OBJC_ISA_USAGE = YES_ERROR;
				CLANG_WARN_DOCUMENTATION_COMMENTS = YES;
				CLANG_WARN_EMPTY_BODY = YES;
				CLANG_WARN_ENUM_CONVERSION = YES;
				CLANG_WARN_INFINITE_RECURSION = YES;
				CLANG_WARN_INT_CONVERSION = YES;
				CLANG_WARN_NON_LITERAL_NULL_CONVERSION = YES;
				CLANG_WARN_OBJC_IMPLICIT_RETAIN_SELF = YES;
				CLANG_WARN_OBJC_LITERAL_CONVERSION = YES;
				CLANG_WARN_OBJC_ROOT_CLASS = YES_ERROR;
				CLANG_WARN_RANGE_LOOP_ANALYSIS = YES;
				CLANG_WARN_STRICT_PROTOTYPES = YES;
				CLANG_WARN_SUSPICIOUS_MOVE = YES;
				CLANG_WARN_UNGUARDED_AVAILABILITY = YES_AGGRESSIVE;
				CLANG_WARN_UNREACHABLE_CODE = YES;
				CLANG_WARN__DUPLICATE_METHOD_MATCH = YES;
				CODE_SIGN_IDENTITY = "Mac Developer";
				COPY_PHASE_STRIP = NO;
				DEBUG_INFORMATION_FORMAT = dwarf;
				ENABLE_STRICT_OBJC_MSGSEND = YES;
				ENABLE_TESTABILITY = YES;
				GCC_C_LANGUAGE_STANDARD = gnu11;
				GCC_DYNAMIC_NO_PIC = NO;
				GCC_NO_COMMON_BLOCKS = YES;
				GCC_OPTIMIZATION_LEVEL = 0;
				GCC_PREPROCESSOR_DEFINITIONS = (
					"DEBUG=1",
					"$(inherited)",
				);
				GCC_WARN_64_TO_32_BIT_CONVERSION = YES;
				GCC_WARN_ABOUT_RETURN_TYPE = YES_ERROR;
				GCC_WARN_UNDECLARED_SELECTOR = YES;
				GCC_WARN_UNINITIALIZED_AUTOS = YES_AGGRESSIVE;
				GCC_WARN_UNUSED_FUNCTION = YES;
				GCC_WARN_UNUSED_VARIABLE = YES;
				MACOSX_DEPLOYMENT_TARGET = 10.13;
				MTL_ENABLE_DEBUG_INFO = INCLUDE_SOURCE;
				MTL_FAST_MATH = YES;
				ONLY_ACTIVE_ARCH = YES;
				SDKROOT = macosx;
			};
			name = Debug;
		};
		C9CF232D2124D81700E3FE55 /* Release */ = {
			isa = XCBuildConfiguration;
			buildSettings = {
				ALWAYS_SEARCH_USER_PATHS = NO;
				CLANG_ANALYZER_NONNULL = YES;
				CLANG_ANALYZER_NUMBER_OBJECT_CONVERSION = YES_AGGRESSIVE;
				CLANG_CXX_LANGUAGE_STANDARD = "gnu++14";
				CLANG_CXX_LIBRARY = "libc++";
				CLANG_ENABLE_MODULES = YES;
				CLANG_ENABLE_OBJC_ARC = YES;
				CLANG_ENABLE_OBJC_WEAK = YES;
				CLANG_WARN_BLOCK_CAPTURE_AUTORELEASING = YES;
				CLANG_WARN_BOOL_CONVERSION = YES;
				CLANG_WARN_COMMA = YES;
				CLANG_WARN_CONSTANT_CONVERSION = YES;
				CLANG_WARN_DEPRECATED_OBJC_IMPLEMENTATIONS = YES;
				CLANG_WARN_DIRECT_OBJC_ISA_USAGE = YES_ERROR;
				CLANG_WARN_DOCUMENTATION_COMMENTS = YES;
				CLANG_WARN_EMPTY_BODY = YES;
				CLANG_WARN_ENUM_CONVERSION = YES;
				CLANG_WARN_INFINITE_RECURSION = YES;
				CLANG_WARN_INT_CONVERSION = YES;
				CLANG_WARN_NON_LITERAL_NULL_CONVERSION = YES;
				CLANG_WARN_OBJC_IMPLICIT_RETAIN_SELF = YES;
				CLANG_WARN_OBJC_LITERAL_CONVERSION = YES;
				CLANG_WARN_OBJC_ROOT_CLASS = YES_ERROR;
				CLANG_WARN_RANGE_LOOP_ANALYSIS = YES;
				CLANG_WARN_STRICT_PROTOTYPES = YES;
				CLANG_WARN_SUSPICIOUS_MOVE = YES;
				CLANG_WARN_UNGUARDED_AVAILABILITY = YES_AGGRESSIVE;
				CLANG_WARN_UNREACHABLE_CODE = YES;
				CLANG_WARN__DUPLICATE_METHOD_MATCH = YES;
				CODE_SIGN_IDENTITY = "Mac Developer";
				COPY_PHASE_STRIP = NO;
				DEBUG_INFORMATION_FORMAT = "dwarf-with-dsym";
				ENABLE_NS_ASSERTIONS = NO;
				ENABLE_STRICT_OBJC_MSGSEND = YES;
				GCC_C_LANGUAGE_STANDARD = gnu11;
				GCC_NO_COMMON_BLOCKS = YES;
				GCC_WARN_64_TO_32_BIT_CONVERSION = YES;
				GCC_WARN_ABOUT_RETURN_TYPE = YES_ERROR;
				GCC_WARN_UNDECLARED_SELECTOR = YES;
				GCC_WARN_UNINITIALIZED_AUTOS = YES_AGGRESSIVE;
				GCC_WARN_UNUSED_FUNCTION = YES;
				GCC_WARN_UNUSED_VARIABLE = YES;
				MACOSX_DEPLOYMENT_TARGET = 10.13;
				MTL_ENABLE_DEBUG_INFO = NO;
				MTL_FAST_MATH = YES;
				SDKROOT = macosx;
			};
			name = Release;
		};
		C9CF232F2124D81700E3FE55 /* Debug */ = {
			isa = XCBuildConfiguration;
			buildSettings = {
				CODE_SIGN_STYLE = Automatic;
				DEVELOPMENT_TEAM = 2ZV6Q2H5B8;
				PRODUCT_NAME = "$(TARGET_NAME)";
			};
			name = Debug;
		};
		C9CF23302124D81700E3FE55 /* Release */ = {
			isa = XCBuildConfiguration;
			buildSettings = {
				CODE_SIGN_STYLE = Automatic;
				DEVELOPMENT_TEAM = 2ZV6Q2H5B8;
				PRODUCT_NAME = "$(TARGET_NAME)";
			};
			name = Release;
		};
		C9CF233A2124D82F00E3FE55 /* Debug */ = {
			isa = XCBuildConfiguration;
			buildSettings = {
				CODE_SIGN_STYLE = Automatic;
				DEVELOPMENT_TEAM = 2ZV6Q2H5B8;
				PRODUCT_NAME = "$(TARGET_NAME)";
			};
			name = Debug;
		};
		C9CF233B2124D82F00E3FE55 /* Release */ = {
			isa = XCBuildConfiguration;
			buildSettings = {
				CODE_SIGN_STYLE = Automatic;
				DEVELOPMENT_TEAM = 2ZV6Q2H5B8;
				PRODUCT_NAME = "$(TARGET_NAME)";
			};
			name = Release;
		};
/* End XCBuildConfiguration section */

/* Begin XCConfigurationList section */
		C9CF23222124D81700E3FE55 /* Build configuration list for PBXProject "rejector2" */ = {
			isa = XCConfigurationList;
			buildConfigurations = (
				C9CF232C2124D81700E3FE55 /* Debug */,
				C9CF232D2124D81700E3FE55 /* Release */,
			);
			defaultConfigurationIsVisible = 0;
			defaultConfigurationName = Release;
		};
		C9CF232E2124D81700E3FE55 /* Build configuration list for PBXNativeTarget "rejector2" */ = {
			isa = XCConfigurationList;
			buildConfigurations = (
				C9CF232F2124D81700E3FE55 /* Debug */,
				C9CF23302124D81700E3FE55 /* Release */,
			);
			defaultConfigurationIsVisible = 0;
			defaultConfigurationName = Release;
		};
		C9CF23392124D82F00E3FE55 /* Build configuration list for PBXNativeTarget "rej2run" */ = {
			isa = XCConfigurationList;
			buildConfigurations = (
				C9CF233A2124D82F00E3FE55 /* Debug */,
				C9CF233B2124D82F00E3FE55 /* Release */,
			);
			defaultConfigurationIsVisible = 0;
			defaultConfigurationName = Release;
		};
/* End XCConfigurationList section */
	};
	rootObject = C9CF231F2124D81700E3FE55 /* Project object */;
}
